// !$*UTF8*$!
{
	archiveVersion = 1;
	classes = {
	};
	objectVersion = 56;
	objects = {

/* Begin PBXBuildFile section */
		BE67F5ED2B55F37D008C4C9D /* AppDelegate.swift in Sources */ = {isa = PBXBuildFile; fileRef = BE67F5EC2B55F37D008C4C9D /* AppDelegate.swift */; };
		BE67F5EF2B55F37D008C4C9D /* SceneDelegate.swift in Sources */ = {isa = PBXBuildFile; fileRef = BE67F5EE2B55F37D008C4C9D /* SceneDelegate.swift */; };
		BE67F5F12B55F37D008C4C9D /* HomeVC.swift in Sources */ = {isa = PBXBuildFile; fileRef = BE67F5F02B55F37D008C4C9D /* HomeVC.swift */; };
		BE67F5F42B55F37D008C4C9D /* Main.storyboard in Resources */ = {isa = PBXBuildFile; fileRef = BE67F5F22B55F37D008C4C9D /* Main.storyboard */; };
		BE67F5F62B55F37E008C4C9D /* Assets.xcassets in Resources */ = {isa = PBXBuildFile; fileRef = BE67F5F52B55F37E008C4C9D /* Assets.xcassets */; };
		BE67F5F92B55F37E008C4C9D /* LaunchScreen.storyboard in Resources */ = {isa = PBXBuildFile; fileRef = BE67F5F72B55F37E008C4C9D /* LaunchScreen.storyboard */; };
		BE67F60A2B55F46F008C4C9D /* CoordinatorProtocol.swift in Sources */ = {isa = PBXBuildFile; fileRef = BE67F6092B55F46F008C4C9D /* CoordinatorProtocol.swift */; };
		BE67F60C2B55F553008C4C9D /* MainCoordinator.swift in Sources */ = {isa = PBXBuildFile; fileRef = BE67F60B2B55F553008C4C9D /* MainCoordinator.swift */; };
		BE67F60E2B55F691008C4C9D /* StorybordedProtocol.swift in Sources */ = {isa = PBXBuildFile; fileRef = BE67F60D2B55F691008C4C9D /* StorybordedProtocol.swift */; };
		BE67F6142B55FFB4008C4C9D /* ProductsListVC.swift in Sources */ = {isa = PBXBuildFile; fileRef = BE67F6132B55FFB4008C4C9D /* ProductsListVC.swift */; };
		BE67F6162B55FFCA008C4C9D /* ProductInfoVC.swift in Sources */ = {isa = PBXBuildFile; fileRef = BE67F6152B55FFCA008C4C9D /* ProductInfoVC.swift */; };
/* End PBXBuildFile section */

/* Begin PBXFileReference section */
		BE67F5E92B55F37D008C4C9D /* Basic Coordinator Pattern.app */ = {isa = PBXFileReference; explicitFileType = wrapper.application; includeInIndex = 0; path = "Basic Coordinator Pattern.app"; sourceTree = BUILT_PRODUCTS_DIR; };
		BE67F5EC2B55F37D008C4C9D /* AppDelegate.swift */ = {isa = PBXFileReference; lastKnownFileType = sourcecode.swift; path = AppDelegate.swift; sourceTree = "<group>"; };
		BE67F5EE2B55F37D008C4C9D /* SceneDelegate.swift */ = {isa = PBXFileReference; lastKnownFileType = sourcecode.swift; path = SceneDelegate.swift; sourceTree = "<group>"; };
		BE67F5F02B55F37D008C4C9D /* HomeVC.swift */ = {isa = PBXFileReference; lastKnownFileType = sourcecode.swift; path = HomeVC.swift; sourceTree = "<group>"; };
		BE67F5F32B55F37D008C4C9D /* Base */ = {isa = PBXFileReference; lastKnownFileType = file.storyboard; name = Base; path = Base.lproj/Main.storyboard; sourceTree = "<group>"; };
		BE67F5F52B55F37E008C4C9D /* Assets.xcassets */ = {isa = PBXFileReference; lastKnownFileType = folder.assetcatalog; path = Assets.xcassets; sourceTree = "<group>"; };
		BE67F5F82B55F37E008C4C9D /* Base */ = {isa = PBXFileReference; lastKnownFileType = file.storyboard; name = Base; path = Base.lproj/LaunchScreen.storyboard; sourceTree = "<group>"; };
		BE67F5FA2B55F37E008C4C9D /* Info.plist */ = {isa = PBXFileReference; lastKnownFileType = text.plist.xml; path = Info.plist; sourceTree = "<group>"; };
		BE67F6092B55F46F008C4C9D /* CoordinatorProtocol.swift */ = {isa = PBXFileReference; lastKnownFileType = sourcecode.swift; path = CoordinatorProtocol.swift; sourceTree = "<group>"; };
		BE67F60B2B55F553008C4C9D /* MainCoordinator.swift */ = {isa = PBXFileReference; lastKnownFileType = sourcecode.swift; path = MainCoordinator.swift; sourceTree = "<group>"; };
		BE67F60D2B55F691008C4C9D /* StorybordedProtocol.swift */ = {isa = PBXFileReference; lastKnownFileType = sourcecode.swift; path = StorybordedProtocol.swift; sourceTree = "<group>"; };
		BE67F6132B55FFB4008C4C9D /* ProductsListVC.swift */ = {isa = PBXFileReference; lastKnownFileType = sourcecode.swift; path = ProductsListVC.swift; sourceTree = "<group>"; };
		BE67F6152B55FFCA008C4C9D /* ProductInfoVC.swift */ = {isa = PBXFileReference; lastKnownFileType = sourcecode.swift; path = ProductInfoVC.swift; sourceTree = "<group>"; };
/* End PBXFileReference section */

/* Begin PBXFrameworksBuildPhase section */
		BE67F5E62B55F37D008C4C9D /* Frameworks */ = {
			isa = PBXFrameworksBuildPhase;
			buildActionMask = 2147483647;
			files = (
			);
			runOnlyForDeploymentPostprocessing = 0;
		};
/* End PBXFrameworksBuildPhase section */

/* Begin PBXGroup section */
		BE67F5E02B55F37C008C4C9D = {
			isa = PBXGroup;
			children = (
				BE67F5EB2B55F37D008C4C9D /* Basic Coordinator Pattern */,
				BE67F5EA2B55F37D008C4C9D /* Products */,
			);
			sourceTree = "<group>";
		};
		BE67F5EA2B55F37D008C4C9D /* Products */ = {
			isa = PBXGroup;
			children = (
				BE67F5E92B55F37D008C4C9D /* Basic Coordinator Pattern.app */,
			);
			name = Products;
			sourceTree = "<group>";
		};
		BE67F5EB2B55F37D008C4C9D /* Basic Coordinator Pattern */ = {
			isa = PBXGroup;
			children = (
				BE67F6012B55F39F008C4C9D /* App&SceneDelegates */,
				BE67F6082B55F451008C4C9D /* Coordinator */,
				BE67F6022B55F3B4008C4C9D /* Screens */,
				BE67F6002B55F392008C4C9D /* Storybords */,
				BE67F6072B55F409008C4C9D /* Resources */,
				BE67F5FA2B55F37E008C4C9D /* Info.plist */,
			);
			path = "Basic Coordinator Pattern";
			sourceTree = "<group>";
		};
		BE67F6002B55F392008C4C9D /* Storybords */ = {
			isa = PBXGroup;
			children = (
				BE67F60D2B55F691008C4C9D /* StorybordedProtocol.swift */,
				BE67F5F22B55F37D008C4C9D /* Main.storyboard */,
				BE67F5F72B55F37E008C4C9D /* LaunchScreen.storyboard */,
			);
			path = Storybords;
			sourceTree = "<group>";
		};
		BE67F6012B55F39F008C4C9D /* App&SceneDelegates */ = {
			isa = PBXGroup;
			children = (
				BE67F5EC2B55F37D008C4C9D /* AppDelegate.swift */,
				BE67F5EE2B55F37D008C4C9D /* SceneDelegate.swift */,
			);
			path = "App&SceneDelegates";
			sourceTree = "<group>";
		};
		BE67F6022B55F3B4008C4C9D /* Screens */ = {
			isa = PBXGroup;
			children = (
				BE67F6032B55F3C5008C4C9D /* Products */,
			);
			path = Screens;
			sourceTree = "<group>";
		};
		BE67F6032B55F3C5008C4C9D /* Products */ = {
			isa = PBXGroup;
			children = (
				BE67F6062B55F3F2008C4C9D /* Model */,
				BE67F6052B55F3E9008C4C9D /* View */,
				BE67F6042B55F3E3008C4C9D /* ViewModel */,
				BE67F6172B560615008C4C9D /* Controller */,
			);
			path = Products;
			sourceTree = "<group>";
		};
		BE67F6042B55F3E3008C4C9D /* ViewModel */ = {
			isa = PBXGroup;
			children = (
			);
			path = ViewModel;
			sourceTree = "<group>";
		};
		BE67F6052B55F3E9008C4C9D /* View */ = {
			isa = PBXGroup;
			children = (
			);
			path = View;
			sourceTree = "<group>";
		};
		BE67F6062B55F3F2008C4C9D /* Model */ = {
			isa = PBXGroup;
			children = (
			);
			path = Model;
			sourceTree = "<group>";
		};
		BE67F6072B55F409008C4C9D /* Resources */ = {
			isa = PBXGroup;
			children = (
				BE67F5F52B55F37E008C4C9D /* Assets.xcassets */,
			);
			path = Resources;
			sourceTree = "<group>";
		};
		BE67F6082B55F451008C4C9D /* Coordinator */ = {
			isa = PBXGroup;
			children = (
				BE67F6092B55F46F008C4C9D /* CoordinatorProtocol.swift */,
				BE67F60B2B55F553008C4C9D /* MainCoordinator.swift */,
			);
			path = Coordinator;
			sourceTree = "<group>";
		};
		BE67F6172B560615008C4C9D /* Controller */ = {
			isa = PBXGroup;
			children = (
				BE67F5F02B55F37D008C4C9D /* HomeVC.swift */,
				BE67F6132B55FFB4008C4C9D /* ProductsListVC.swift */,
				BE67F6152B55FFCA008C4C9D /* ProductInfoVC.swift */,
			);
			path = Controller;
			sourceTree = "<group>";
		};
/* End PBXGroup section */

/* Begin PBXNativeTarget section */
		BE67F5E82B55F37D008C4C9D /* Basic Coordinator Pattern */ = {
			isa = PBXNativeTarget;
			buildConfigurationList = BE67F5FD2B55F37E008C4C9D /* Build configuration list for PBXNativeTarget "Basic Coordinator Pattern" */;
			buildPhases = (
				BE67F5E52B55F37D008C4C9D /* Sources */,
				BE67F5E62B55F37D008C4C9D /* Frameworks */,
				BE67F5E72B55F37D008C4C9D /* Resources */,
			);
			buildRules = (
			);
			dependencies = (
			);
			name = "Basic Coordinator Pattern";
			productName = "Basic Coordinator Pattern";
			productReference = BE67F5E92B55F37D008C4C9D /* Basic Coordinator Pattern.app */;
			productType = "com.apple.product-type.application";
		};
/* End PBXNativeTarget section */

/* Begin PBXProject section */
		BE67F5E12B55F37C008C4C9D /* Project object */ = {
			isa = PBXProject;
			attributes = {
				BuildIndependentTargetsInParallel = 1;
				LastSwiftUpdateCheck = 1520;
				LastUpgradeCheck = 1520;
				TargetAttributes = {
					BE67F5E82B55F37D008C4C9D = {
						CreatedOnToolsVersion = 15.2;
					};
				};
			};
			buildConfigurationList = BE67F5E42B55F37C008C4C9D /* Build configuration list for PBXProject "Basic Coordinator Pattern" */;
			compatibilityVersion = "Xcode 14.0";
			developmentRegion = en;
			hasScannedForEncodings = 0;
			knownRegions = (
				en,
				Base,
			);
			mainGroup = BE67F5E02B55F37C008C4C9D;
			productRefGroup = BE67F5EA2B55F37D008C4C9D /* Products */;
			projectDirPath = "";
			projectRoot = "";
			targets = (
				BE67F5E82B55F37D008C4C9D /* Basic Coordinator Pattern */,
			);
		};
/* End PBXProject section */

/* Begin PBXResourcesBuildPhase section */
		BE67F5E72B55F37D008C4C9D /* Resources */ = {
			isa = PBXResourcesBuildPhase;
			buildActionMask = 2147483647;
			files = (
				BE67F5F92B55F37E008C4C9D /* LaunchScreen.storyboard in Resources */,
				BE67F5F62B55F37E008C4C9D /* Assets.xcassets in Resources */,
				BE67F5F42B55F37D008C4C9D /* Main.storyboard in Resources */,
			);
			runOnlyForDeploymentPostprocessing = 0;
		};
/* End PBXResourcesBuildPhase section */

/* Begin PBXSourcesBuildPhase section */
		BE67F5E52B55F37D008C4C9D /* Sources */ = {
			isa = PBXSourcesBuildPhase;
			buildActionMask = 2147483647;
			files = (
				BE67F5F12B55F37D008C4C9D /* HomeVC.swift in Sources */,
				BE67F5ED2B55F37D008C4C9D /* AppDelegate.swift in Sources */,
				BE67F60A2B55F46F008C4C9D /* CoordinatorProtocol.swift in Sources */,
				BE67F60C2B55F553008C4C9D /* MainCoordinator.swift in Sources */,
				BE67F6162B55FFCA008C4C9D /* ProductInfoVC.swift in Sources */,
				BE67F5EF2B55F37D008C4C9D /* SceneDelegate.swift in Sources */,
				BE67F6142B55FFB4008C4C9D /* ProductsListVC.swift in Sources */,
				BE67F60E2B55F691008C4C9D /* StorybordedProtocol.swift in Sources */,
			);
			runOnlyForDeploymentPostprocessing = 0;
		};
/* End PBXSourcesBuildPhase section */

/* Begin PBXVariantGroup section */
		BE67F5F22B55F37D008C4C9D /* Main.storyboard */ = {
			isa = PBXVariantGroup;
			children = (
				BE67F5F32B55F37D008C4C9D /* Base */,
			);
			name = Main.storyboard;
			sourceTree = "<group>";
		};
		BE67F5F72B55F37E008C4C9D /* LaunchScreen.storyboard */ = {
			isa = PBXVariantGroup;
			children = (
				BE67F5F82B55F37E008C4C9D /* Base */,
			);
			name = LaunchScreen.storyboard;
			sourceTree = "<group>";
		};
/* End PBXVariantGroup section */

/* Begin XCBuildConfiguration section */
		BE67F5FB2B55F37E008C4C9D /* Debug */ = {
			isa = XCBuildConfiguration;
			buildSettings = {
				ALWAYS_SEARCH_USER_PATHS = NO;
				ASSETCATALOG_COMPILER_GENERATE_SWIFT_ASSET_SYMBOL_EXTENSIONS = YES;
				CLANG_ANALYZER_NONNULL = YES;
				CLANG_ANALYZER_NUMBER_OBJECT_CONVERSION = YES_AGGRESSIVE;
				CLANG_CXX_LANGUAGE_STANDARD = "gnu++20";
				CLANG_ENABLE_MODULES = YES;
				CLANG_ENABLE_OBJC_ARC = YES;
				CLANG_ENABLE_OBJC_WEAK = YES;
				CLANG_WARN_BLOCK_CAPTURE_AUTORELEASING = YES;
				CLANG_WARN_BOOL_CONVERSION = YES;
				CLANG_WARN_COMMA = YES;
				CLANG_WARN_CONSTANT_CONVERSION = YES;
				CLANG_WARN_DEPRECATED_OBJC_IMPLEMENTATIONS = YES;
				CLANG_WARN_DIRECT_OBJC_ISA_USAGE = YES_ERROR;
				CLANG_WARN_DOCUMENTATION_COMMENTS = YES;
				CLANG_WARN_EMPTY_BODY = YES;
				CLANG_WARN_ENUM_CONVERSION = YES;
				CLANG_WARN_INFINITE_RECURSION = YES;
				CLANG_WARN_INT_CONVERSION = YES;
				CLANG_WARN_NON_LITERAL_NULL_CONVERSION = YES;
				CLANG_WARN_OBJC_IMPLICIT_RETAIN_SELF = YES;
				CLANG_WARN_OBJC_LITERAL_CONVERSION = YES;
				CLANG_WARN_OBJC_ROOT_CLASS = YES_ERROR;
				CLANG_WARN_QUOTED_INCLUDE_IN_FRAMEWORK_HEADER = YES;
				CLANG_WARN_RANGE_LOOP_ANALYSIS = YES;
				CLANG_WARN_STRICT_PROTOTYPES = YES;
				CLANG_WARN_SUSPICIOUS_MOVE = YES;
				CLANG_WARN_UNGUARDED_AVAILABILITY = YES_AGGRESSIVE;
				CLANG_WARN_UNREACHABLE_CODE = YES;
				CLANG_WARN__DUPLICATE_METHOD_MATCH = YES;
				COPY_PHASE_STRIP = NO;
				DEBUG_INFORMATION_FORMAT = dwarf;
				ENABLE_STRICT_OBJC_MSGSEND = YES;
				ENABLE_TESTABILITY = YES;
				ENABLE_USER_SCRIPT_SANDBOXING = YES;
				GCC_C_LANGUAGE_STANDARD = gnu17;
				GCC_DYNAMIC_NO_PIC = NO;
				GCC_NO_COMMON_BLOCKS = YES;
				GCC_OPTIMIZATION_LEVEL = 0;
				GCC_PREPROCESSOR_DEFINITIONS = (
					"DEBUG=1",
					"$(inherited)",
				);
				GCC_WARN_64_TO_32_BIT_CONVERSION = YES;
				GCC_WARN_ABOUT_RETURN_TYPE = YES_ERROR;
				GCC_WARN_UNDECLARED_SELECTOR = YES;
				GCC_WARN_UNINITIALIZED_AUTOS = YES_AGGRESSIVE;
				GCC_WARN_UNUSED_FUNCTION = YES;
				GCC_WARN_UNUSED_VARIABLE = YES;
				IPHONEOS_DEPLOYMENT_TARGET = 17.2;
				LOCALIZATION_PREFERS_STRING_CATALOGS = YES;
				MTL_ENABLE_DEBUG_INFO = INCLUDE_SOURCE;
				MTL_FAST_MATH = YES;
				ONLY_ACTIVE_ARCH = YES;
				SDKROOT = iphoneos;
				SWIFT_ACTIVE_COMPILATION_CONDITIONS = "DEBUG $(inherited)";
				SWIFT_OPTIMIZATION_LEVEL = "-Onone";
			};
			name = Debug;
		};
		BE67F5FC2B55F37E008C4C9D /* Release */ = {
			isa = XCBuildConfiguration;
			buildSettings = {
				ALWAYS_SEARCH_USER_PATHS = NO;
				ASSETCATALOG_COMPILER_GENERATE_SWIFT_ASSET_SYMBOL_EXTENSIONS = YES;
				CLANG_ANALYZER_NONNULL = YES;
				CLANG_ANALYZER_NUMBER_OBJECT_CONVERSION = YES_AGGRESSIVE;
				CLANG_CXX_LANGUAGE_STANDARD = "gnu++20";
				CLANG_ENABLE_MODULES = YES;
				CLANG_ENABLE_OBJC_ARC = YES;
				CLANG_ENABLE_OBJC_WEAK = YES;
				CLANG_WARN_BLOCK_CAPTURE_AUTORELEASING = YES;
				CLANG_WARN_BOOL_CONVERSION = YES;
				CLANG_WARN_COMMA = YES;
				CLANG_WARN_CONSTANT_CONVERSION = YES;
				CLANG_WARN_DEPRECATED_OBJC_IMPLEMENTATIONS = YES;
				CLANG_WARN_DIRECT_OBJC_ISA_USAGE = YES_ERROR;
				CLANG_WARN_DOCUMENTATION_COMMENTS = YES;
				CLANG_WARN_EMPTY_BODY = YES;
				CLANG_WARN_ENUM_CONVERSION = YES;
				CLANG_WARN_INFINITE_RECURSION = YES;
				CLANG_WARN_INT_CONVERSION = YES;
				CLANG_WARN_NON_LITERAL_NULL_CONVERSION = YES;
				CLANG_WARN_OBJC_IMPLICIT_RETAIN_SELF = YES;
				CLANG_WARN_OBJC_LITERAL_CONVERSION = YES;
				CLANG_WARN_OBJC_ROOT_CLASS = YES_ERROR;
				CLANG_WARN_QUOTED_INCLUDE_IN_FRAMEWORK_HEADER = YES;
				CLANG_WARN_RANGE_LOOP_ANALYSIS = YES;
				CLANG_WARN_STRICT_PROTOTYPES = YES;
				CLANG_WARN_SUSPICIOUS_MOVE = YES;
				CLANG_WARN_UNGUARDED_AVAILABILITY = YES_AGGRESSIVE;
				CLANG_WARN_UNREACHABLE_CODE = YES;
				CLANG_WARN__DUPLICATE_METHOD_MATCH = YES;
				COPY_PHASE_STRIP = NO;
				DEBUG_INFORMATION_FORMAT = "dwarf-with-dsym";
				ENABLE_NS_ASSERTIONS = NO;
				ENABLE_STRICT_OBJC_MSGSEND = YES;
				ENABLE_USER_SCRIPT_SANDBOXING = YES;
				GCC_C_LANGUAGE_STANDARD = gnu17;
				GCC_NO_COMMON_BLOCKS = YES;
				GCC_WARN_64_TO_32_BIT_CONVERSION = YES;
				GCC_WARN_ABOUT_RETURN_TYPE = YES_ERROR;
				GCC_WARN_UNDECLARED_SELECTOR = YES;
				GCC_WARN_UNINITIALIZED_AUTOS = YES_AGGRESSIVE;
				GCC_WARN_UNUSED_FUNCTION = YES;
				GCC_WARN_UNUSED_VARIABLE = YES;
				IPHONEOS_DEPLOYMENT_TARGET = 17.2;
				LOCALIZATION_PREFERS_STRING_CATALOGS = YES;
				MTL_ENABLE_DEBUG_INFO = NO;
				MTL_FAST_MATH = YES;
				SDKROOT = iphoneos;
				SWIFT_COMPILATION_MODE = wholemodule;
				VALIDATE_PRODUCT = YES;
			};
			name = Release;
		};
		BE67F5FE2B55F37E008C4C9D /* Debug */ = {
			isa = XCBuildConfiguration;
			buildSettings = {
				ASSETCATALOG_COMPILER_APPICON_NAME = AppIcon;
				ASSETCATALOG_COMPILER_GLOBAL_ACCENT_COLOR_NAME = AccentColor;
				CODE_SIGN_STYLE = Automatic;
				CURRENT_PROJECT_VERSION = 1;
				DEVELOPMENT_TEAM = W588GMFYXB;
				GENERATE_INFOPLIST_FILE = YES;
				INFOPLIST_FILE = "Basic Coordinator Pattern/Info.plist";
				INFOPLIST_KEY_UIApplicationSupportsIndirectInputEvents = YES;
				INFOPLIST_KEY_UILaunchStoryboardName = LaunchScreen;
				INFOPLIST_KEY_UISupportedInterfaceOrientations_iPad = "UIInterfaceOrientationPortrait UIInterfaceOrientationPortraitUpsideDown UIInterfaceOrientationLandscapeLeft UIInterfaceOrientationLandscapeRight";
				INFOPLIST_KEY_UISupportedInterfaceOrientations_iPhone = "UIInterfaceOrientationPortrait UIInterfaceOrientationLandscapeLeft UIInterfaceOrientationLandscapeRight";
				LD_RUNPATH_SEARCH_PATHS = (
					"$(inherited)",
					"@executable_path/Frameworks",
				);
				MARKETING_VERSION = 1.0;
				PRODUCT_BUNDLE_IDENTIFIER = "com.sindam.Basic-Coordinator-Pattern";
				PRODUCT_NAME = "$(TARGET_NAME)";
				SWIFT_EMIT_LOC_STRINGS = YES;
				SWIFT_VERSION = 5.0;
				TARGETED_DEVICE_FAMILY = "1,2";
			};
			name = Debug;
		};
		BE67F5FF2B55F37E008C4C9D /* Release */ = {
			isa = XCBuildConfiguration;
			buildSettings = {
				ASSETCATALOG_COMPILER_APPICON_NAME = AppIcon;
				ASSETCATALOG_COMPILER_GLOBAL_ACCENT_COLOR_NAME = AccentColor;
				CODE_SIGN_STYLE = Automatic;
				CURRENT_PROJECT_VERSION = 1;
				DEVELOPMENT_TEAM = W588GMFYXB;
				GENERATE_INFOPLIST_FILE = YES;
				INFOPLIST_FILE = "Basic Coordinator Pattern/Info.plist";
				INFOPLIST_KEY_UIApplicationSupportsIndirectInputEvents = YES;
				INFOPLIST_KEY_UILaunchStoryboardName = LaunchScreen;
				INFOPLIST_KEY_UISupportedInterfaceOrientations_iPad = "UIInterfaceOrientationPortrait UIInterfaceOrientationPortraitUpsideDown UIInterfaceOrientationLandscapeLeft UIInterfaceOrientationLandscapeRight";
				INFOPLIST_KEY_UISupportedInterfaceOrientations_iPhone = "UIInterfaceOrientationPortrait UIInterfaceOrientationLandscapeLeft UIInterfaceOrientationLandscapeRight";
				LD_RUNPATH_SEARCH_PATHS = (
					"$(inherited)",
					"@executable_path/Frameworks",
				);
				MARKETING_VERSION = 1.0;
				PRODUCT_BUNDLE_IDENTIFIER = "com.sindam.Basic-Coordinator-Pattern";
				PRODUCT_NAME = "$(TARGET_NAME)";
				SWIFT_EMIT_LOC_STRINGS = YES;
				SWIFT_VERSION = 5.0;
				TARGETED_DEVICE_FAMILY = "1,2";
			};
			name = Release;
		};
/* End XCBuildConfiguration section */

/* Begin XCConfigurationList section */
		BE67F5E42B55F37C008C4C9D /* Build configuration list for PBXProject "Basic Coordinator Pattern" */ = {
			isa = XCConfigurationList;
			buildConfigurations = (
				BE67F5FB2B55F37E008C4C9D /* Debug */,
				BE67F5FC2B55F37E008C4C9D /* Release */,
			);
			defaultConfigurationIsVisible = 0;
			defaultConfigurationName = Release;
		};
		BE67F5FD2B55F37E008C4C9D /* Build configuration list for PBXNativeTarget "Basic Coordinator Pattern" */ = {
			isa = XCConfigurationList;
			buildConfigurations = (
				BE67F5FE2B55F37E008C4C9D /* Debug */,
				BE67F5FF2B55F37E008C4C9D /* Release */,
			);
			defaultConfigurationIsVisible = 0;
			defaultConfigurationName = Release;
		};
/* End XCConfigurationList section */
	};
	rootObject = BE67F5E12B55F37C008C4C9D /* Project object */;
}
